
Microsoft Visual Studio Solution File, Format Version 12.00
# Visual Studio Version 17
VisualStudioVersion = 17.13.35818.85 d17.13
MinimumVisualStudioVersion = 10.0.40219.1
Project("{FAE04EC0-301F-11D3-BF4B-00C04F79EFBC}") = "gestioneCSV2", "gestioneCSV2\gestioneCSV2.csproj", "{39B9C347-0806-4EC7-9326-DE686C8F77F1}"
EndProject
Global
	GlobalSection(SolutionConfigurationPlatforms) = preSolution
		Debug|Any CPU = Debug|Any CPU
		Release|Any CPU = Release|Any CPU
	EndGlobalSection
	GlobalSection(ProjectConfigurationPlatforms) = postSolution
		{39B9C347-0806-4EC7-9326-DE686C8F77F1}.Debug|Any CPU.ActiveCfg = Debug|Any CPU
		{39B9C347-0806-4EC7-9326-DE686C8F77F1}.Debug|Any CPU.Build.0 = Debug|Any CPU
		{39B9C347-0806-4EC7-9326-DE686C8F77F1}.Release|Any CPU.ActiveCfg = Release|Any CPU
		{39B9C347-0806-4EC7-9326-DE686C8F77F1}.Release|Any CPU.Build.0 = Release|Any CPU
	EndGlobalSection
	GlobalSection(SolutionProperties) = preSolution
		HideSolutionNode = FALSE
	EndGlobalSection
	GlobalSection(ExtensibilityGlobals) = postSolution
		SolutionGuid = {FFF9A6B7-C702-468F-9202-A71FA7DF9D87}
	EndGlobalSection
EndGlobal
